
Microsoft Visual Studio Solution File, Format Version 12.00
# Visual Studio 15
VisualStudioVersion = 15.0.27703.2026
MinimumVisualStudioVersion = 10.0.40219.1
Project("{FAE04EC0-301F-11D3-BF4B-00C04F79EFBC}") = "DispatchManagement", "DispatchManagement\DispatchManagement.csproj", "{07AF30F6-2087-4ACF-9796-95B9D1B7D4E5}"
EndProject
Project("{FAE04EC0-301F-11D3-BF4B-00C04F79EFBC}") = "Dispatch", "Dispatch DAL\CS\Dispatch.csproj", "{4E7AB94A-CA89-4730-988B-F56347FED07B}"
EndProject
Project("{FAE04EC0-301F-11D3-BF4B-00C04F79EFBC}") = "MvcPaging", "MvcPaging\MvcPaging.csproj", "{AAF30968-1118-4937-B392-E9863EA8D76D}"
EndProject
Global
	GlobalSection(SolutionConfigurationPlatforms) = preSolution
		Debug|Any CPU = Debug|Any CPU
		Release|Any CPU = Release|Any CPU
	EndGlobalSection
	GlobalSection(ProjectConfigurationPlatforms) = postSolution
		{07AF30F6-2087-4ACF-9796-95B9D1B7D4E5}.Debug|Any CPU.ActiveCfg = Debug|Any CPU
		{07AF30F6-2087-4ACF-9796-95B9D1B7D4E5}.Debug|Any CPU.Build.0 = Debug|Any CPU
		{07AF30F6-2087-4ACF-9796-95B9D1B7D4E5}.Release|Any CPU.ActiveCfg = Release|Any CPU
		{07AF30F6-2087-4ACF-9796-95B9D1B7D4E5}.Release|Any CPU.Build.0 = Release|Any CPU
		{4E7AB94A-CA89-4730-988B-F56347FED07B}.Debug|Any CPU.ActiveCfg = Debug|Any CPU
		{4E7AB94A-CA89-4730-988B-F56347FED07B}.Debug|Any CPU.Build.0 = Debug|Any CPU
		{4E7AB94A-CA89-4730-988B-F56347FED07B}.Release|Any CPU.ActiveCfg = Release|Any CPU
		{4E7AB94A-CA89-4730-988B-F56347FED07B}.Release|Any CPU.Build.0 = Release|Any CPU
		{AAF30968-1118-4937-B392-E9863EA8D76D}.Debug|Any CPU.ActiveCfg = Debug|Any CPU
		{AAF30968-1118-4937-B392-E9863EA8D76D}.Debug|Any CPU.Build.0 = Debug|Any CPU
		{AAF30968-1118-4937-B392-E9863EA8D76D}.Release|Any CPU.ActiveCfg = Release|Any CPU
		{AAF30968-1118-4937-B392-E9863EA8D76D}.Release|Any CPU.Build.0 = Release|Any CPU
	EndGlobalSection
	GlobalSection(SolutionProperties) = preSolution
		HideSolutionNode = FALSE
	EndGlobalSection
	GlobalSection(ExtensibilityGlobals) = postSolution
		SolutionGuid = {88C7F39F-DB76-4337-A500-18B9346CC8E5}
	EndGlobalSection
EndGlobal
